
Microsoft Visual Studio Solution File, Format Version 12.00
# Visual Studio Version 17
VisualStudioVersion = 17.9.34714.143
MinimumVisualStudioVersion = 10.0.40219.1
Project("{8BC9CEB8-8B4A-11D0-8D11-00A0C91BC942}") = "App", "App\App.vcxproj", "{70D04928-3B2A-4A9E-BC27-FC72C44F269B}"
EndProject
Global
	GlobalSection(SolutionConfigurationPlatforms) = preSolution
		Debug|x64 = Debug|x64
		Debug|x86 = Debug|x86
		Release|x64 = Release|x64
		Release|x86 = Release|x86
	EndGlobalSection
	GlobalSection(ProjectConfigurationPlatforms) = postSolution
		{70D04928-3B2A-4A9E-BC27-FC72C44F269B}.Debug|x64.ActiveCfg = Debug|x64
		{70D04928-3B2A-4A9E-BC27-FC72C44F269B}.Debug|x64.Build.0 = Debug|x64
		{70D04928-3B2A-4A9E-BC27-FC72C44F269B}.Debug|x86.ActiveCfg = Debug|Win32
		{70D04928-3B2A-4A9E-BC27-FC72C44F269B}.Debug|x86.Build.0 = Debug|Win32
		{70D04928-3B2A-4A9E-BC27-FC72C44F269B}.Release|x64.ActiveCfg = Release|x64
		{70D04928-3B2A-4A9E-BC27-FC72C44F269B}.Release|x64.Build.0 = Release|x64
		{70D04928-3B2A-4A9E-BC27-FC72C44F269B}.Release|x86.ActiveCfg = Release|Win32
		{70D04928-3B2A-4A9E-BC27-FC72C44F269B}.Release|x86.Build.0 = Release|Win32
	EndGlobalSection
	GlobalSection(SolutionProperties) = preSolution
		HideSolutionNode = FALSE
	EndGlobalSection
	GlobalSection(ExtensibilityGlobals) = postSolution
		SolutionGuid = {2C1F6934-C080-4B1D-BFDB-104CC1E0582E}
	EndGlobalSection
EndGlobal
